
Microsoft Visual Studio Solution File, Format Version 12.00
# Visual Studio Version 16
VisualStudioVersion = 16.0.30011.22
MinimumVisualStudioVersion = 10.0.40219.1
Project("{FAE04EC0-301F-11D3-BF4B-00C04F79EFBC}") = "JuegoApi", "JuegoApi\JuegoApi.csproj", "{77B0C7F3-853C-4089-B995-588214AB385E}"
EndProject
Global
	GlobalSection(SolutionConfigurationPlatforms) = preSolution
		Debug|Any CPU = Debug|Any CPU
		Release|Any CPU = Release|Any CPU
	EndGlobalSection
	GlobalSection(ProjectConfigurationPlatforms) = postSolution
		{77B0C7F3-853C-4089-B995-588214AB385E}.Debug|Any CPU.ActiveCfg = Debug|Any CPU
		{77B0C7F3-853C-4089-B995-588214AB385E}.Debug|Any CPU.Build.0 = Debug|Any CPU
		{77B0C7F3-853C-4089-B995-588214AB385E}.Release|Any CPU.ActiveCfg = Release|Any CPU
		{77B0C7F3-853C-4089-B995-588214AB385E}.Release|Any CPU.Build.0 = Release|Any CPU
	EndGlobalSection
	GlobalSection(SolutionProperties) = preSolution
		HideSolutionNode = FALSE
	EndGlobalSection
	GlobalSection(ExtensibilityGlobals) = postSolution
		SolutionGuid = {74777AAE-C53A-4CD1-865F-04EF8DD19644}
	EndGlobalSection
EndGlobal
